# This file is automatically @generated by Cargo.
# It is not intended for manual editing.
version = 4

[[package]]
name = "operune-application"
version = "0.1.0"

[[package]]
name = "operune-conformance-tests"
version = "0.1.0"

[[package]]
name = "operune-domain"
version = "0.1.0"

[[package]]
name = "operune-integration-tests"
version = "0.1.0"

[[package]]
name = "operune-observability"
version = "0.1.0"

[[package]]
name = "operune-platform"
version = "0.1.0"

[[package]]
name = "operune-platform-linux"
version = "0.1.0"

[[package]]
name = "operune-platform-macos"
version = "0.1.0"

[[package]]
name = "operune-platform-windows"
version = "0.1.0"

[[package]]
name = "operune-runtime-wasi-p2"
version = "0.1.0"

[[package]]
name = "operune-runtime-wasm"
version = "0.1.0"

[[package]]
name = "operune-security"
version = "0.1.0"

[[package]]
name = "operune-server"
version = "0.1.0"

[[package]]
name = "operune-storage-sqlite"
version = "0.1.0"

[[package]]
name = "operune-web-admin"
version = "0.1.0"

[[package]]
name = "operune-web-component"
version = "0.1.0"
